
Microsoft Visual Studio Solution File, Format Version 12.00
# Visual Studio 2012
Project("{FAE04EC0-301F-11D3-BF4B-00C04F79EFBC}") = "Bachelin_Merchant", "Bachelin_Merchant\Bachelin_Merchant.csproj", "{EDBB0B89-4585-4CEC-87B2-1D2B302841E6}"
EndProject
Global
	GlobalSection(SolutionConfigurationPlatforms) = preSolution
		Debug|Any CPU = Debug|Any CPU
		Release|Any CPU = Release|Any CPU
	EndGlobalSection
	GlobalSection(ProjectConfigurationPlatforms) = postSolution
		{EDBB0B89-4585-4CEC-87B2-1D2B302841E6}.Debug|Any CPU.ActiveCfg = Debug|Any CPU
		{EDBB0B89-4585-4CEC-87B2-1D2B302841E6}.Debug|Any CPU.Build.0 = Debug|Any CPU
		{EDBB0B89-4585-4CEC-87B2-1D2B302841E6}.Release|Any CPU.ActiveCfg = Release|Any CPU
		{EDBB0B89-4585-4CEC-87B2-1D2B302841E6}.Release|Any CPU.Build.0 = Release|Any CPU
	EndGlobalSection
	GlobalSection(SolutionProperties) = preSolution
		HideSolutionNode = FALSE
	EndGlobalSection
EndGlobal
